{
  "version": 4,
  "terraform_version": "0.12.24",
  "serial": 54,
  "lineage": "0c6f9b9c-051f-2ded-955e-c38ab960d30f",
  "outputs": {
    "kubeone_api": {
      "value": {
        "endpoint": "udagram-api-lb-1178005182.us-east-1.elb.amazonaws.com"
      },
      "type": [
        "object",
        {
          "endpoint": "string"
        }
      ]
    },
    "kubeone_hosts": {
      "value": {
        "control_plane": {
          "bastion": "3.83.13.4",
          "bastion_port": 22,
          "bastion_user": "ubuntu",
          "cloud_provider": "aws",
          "cluster_name": "udagram",
          "hostnames": [
            "ip-172-31-192-137.ec2.internal",
            "ip-172-31-193-122.ec2.internal",
            "ip-172-31-194-139.ec2.internal"
          ],
          "leader_ip": "172.31.192.137",
          "private_address": [
            "172.31.192.137",
            "172.31.193.122",
            "172.31.194.139"
          ],
          "ssh_agent_socket": "env:SSH_AUTH_SOCK",
          "ssh_port": 22,
          "ssh_private_key_file": "",
          "ssh_user": "ubuntu"
        }
      },
      "type": [
        "object",
        {
          "control_plane": [
            "object",
            {
              "bastion": "string",
              "bastion_port": "number",
              "bastion_user": "string",
              "cloud_provider": "string",
              "cluster_name": "string",
              "hostnames": [
                "tuple",
                [
                  "string",
                  "string",
                  "string"
                ]
              ],
              "leader_ip": "string",
              "private_address": [
                "tuple",
                [
                  "string",
                  "string",
                  "string"
                ]
              ],
              "ssh_agent_socket": "string",
              "ssh_port": "number",
              "ssh_private_key_file": "string",
              "ssh_user": "string"
            }
          ]
        }
      ]
    },
    "kubeone_workers": {
      "value": {
        "udagram-us-east-1a": {
          "providerSpec": {
            "cloudProviderSpec": {
              "ami": "ami-0a4f4704a9146742a",
              "assignPublicIP": true,
              "availabilityZone": "us-east-1a",
              "diskIops": 500,
              "diskSize": 50,
              "diskType": "gp2",
              "ebsVolumeEncrypted": false,
              "instanceProfile": "udagram-host",
              "instanceType": "t2.micro",
              "isSpotInstance": false,
              "region": "us-east-1",
              "securityGroupIDs": [
                "sg-0caf4f1a0c838f0df"
              ],
              "subnetId": "subnet-05b8a6d64c94b4abd",
              "tags": {
                "udagram-workers": ""
              },
              "vpcId": "vpc-846144fe"
            },
            "operatingSystem": "ubuntu",
            "operatingSystemSpec": {
              "distUpgradeOnBoot": false
            },
            "sshPublicKeys": [
              "ssh-rsa AAAAB3NzaC1yc2EAAAADAQABAAABAQCqo/Vp0whUG9LVilVL6Rz7MZ9IvHfFjMmMUOFGYzNTIx/h/Gh80D21M8g1yZfC19J6pmwUd5nioW1pPx/KyR6iXYfpWoORqJts82dRPRN48v7kTMJUICoB2u7DctnkBeENGY9hWUNansEouK0dJTPEXO5QghyjQDyvA8UeOuYL8DDqVo9XODKgIHQuSPAHx8H1cJXOarMVqAYPhVdtvCaIezw2Egs4FXqgL9imClguxyQH3nkUmItjuJoYupLKriaJL1hR+q1uq9M6xx5gXqrIzaAYaIEYFCuU1THdlZR0eka5wdniO7g8b1y/t4uYgbOHW62UKZJHh2i/pMDDZc6N zubairriaz78696@Zubair-PC"
            ]
          },
          "replicas": 1
        },
        "udagram-us-east-1b": {
          "providerSpec": {
            "cloudProviderSpec": {
              "ami": "ami-0a4f4704a9146742a",
              "assignPublicIP": true,
              "availabilityZone": "us-east-1b",
              "diskIops": 500,
              "diskSize": 50,
              "diskType": "gp2",
              "ebsVolumeEncrypted": false,
              "instanceProfile": "udagram-host",
              "instanceType": "t2.micro",
              "isSpotInstance": false,
              "region": "us-east-1",
              "securityGroupIDs": [
                "sg-0caf4f1a0c838f0df"
              ],
              "subnetId": "subnet-04275240e503486c4",
              "tags": {
                "udagram-workers": ""
              },
              "vpcId": "vpc-846144fe"
            },
            "operatingSystem": "ubuntu",
            "operatingSystemSpec": {
              "distUpgradeOnBoot": false
            },
            "sshPublicKeys": [
              "ssh-rsa AAAAB3NzaC1yc2EAAAADAQABAAABAQCqo/Vp0whUG9LVilVL6Rz7MZ9IvHfFjMmMUOFGYzNTIx/h/Gh80D21M8g1yZfC19J6pmwUd5nioW1pPx/KyR6iXYfpWoORqJts82dRPRN48v7kTMJUICoB2u7DctnkBeENGY9hWUNansEouK0dJTPEXO5QghyjQDyvA8UeOuYL8DDqVo9XODKgIHQuSPAHx8H1cJXOarMVqAYPhVdtvCaIezw2Egs4FXqgL9imClguxyQH3nkUmItjuJoYupLKriaJL1hR+q1uq9M6xx5gXqrIzaAYaIEYFCuU1THdlZR0eka5wdniO7g8b1y/t4uYgbOHW62UKZJHh2i/pMDDZc6N zubairriaz78696@Zubair-PC"
            ]
          },
          "replicas": 1
        },
        "udagram-us-east-1c": {
          "providerSpec": {
            "cloudProviderSpec": {
              "ami": "ami-0a4f4704a9146742a",
              "assignPublicIP": true,
              "availabilityZone": "us-east-1c",
              "diskIops": 500,
              "diskSize": 50,
              "diskType": "gp2",
              "ebsVolumeEncrypted": false,
              "instanceProfile": "udagram-host",
              "instanceType": "t2.micro",
              "isSpotInstance": false,
              "region": "us-east-1",
              "securityGroupIDs": [
                "sg-0caf4f1a0c838f0df"
              ],
              "subnetId": "subnet-0f4a5f530e7172c7b",
              "tags": {
                "udagram-workers": ""
              },
              "vpcId": "vpc-846144fe"
            },
            "operatingSystem": "ubuntu",
            "operatingSystemSpec": {
              "distUpgradeOnBoot": false
            },
            "sshPublicKeys": [
              "ssh-rsa AAAAB3NzaC1yc2EAAAADAQABAAABAQCqo/Vp0whUG9LVilVL6Rz7MZ9IvHfFjMmMUOFGYzNTIx/h/Gh80D21M8g1yZfC19J6pmwUd5nioW1pPx/KyR6iXYfpWoORqJts82dRPRN48v7kTMJUICoB2u7DctnkBeENGY9hWUNansEouK0dJTPEXO5QghyjQDyvA8UeOuYL8DDqVo9XODKgIHQuSPAHx8H1cJXOarMVqAYPhVdtvCaIezw2Egs4FXqgL9imClguxyQH3nkUmItjuJoYupLKriaJL1hR+q1uq9M6xx5gXqrIzaAYaIEYFCuU1THdlZR0eka5wdniO7g8b1y/t4uYgbOHW62UKZJHh2i/pMDDZc6N zubairriaz78696@Zubair-PC"
            ]
          },
          "replicas": 1
        }
      },
      "type": [
        "object",
        {
          "udagram-us-east-1a": [
            "object",
            {
              "providerSpec": [
                "object",
                {
                  "cloudProviderSpec": [
                    "object",
                    {
                      "ami": "string",
                      "assignPublicIP": "bool",
                      "availabilityZone": "string",
                      "diskIops": "number",
                      "diskSize": "number",
                      "diskType": "string",
                      "ebsVolumeEncrypted": "bool",
                      "instanceProfile": "string",
                      "instanceType": "string",
                      "isSpotInstance": "bool",
                      "region": "string",
                      "securityGroupIDs": [
                        "tuple",
                        [
                          "string"
                        ]
                      ],
                      "subnetId": "string",
                      "tags": [
                        "object",
                        {
                          "udagram-workers": "string"
                        }
                      ],
                      "vpcId": "string"
                    }
                  ],
                  "operatingSystem": "string",
                  "operatingSystemSpec": [
                    "object",
                    {
                      "distUpgradeOnBoot": "bool"
                    }
                  ],
                  "sshPublicKeys": [
                    "tuple",
                    [
                      "string"
                    ]
                  ]
                }
              ],
              "replicas": "number"
            }
          ],
          "udagram-us-east-1b": [
            "object",
            {
              "providerSpec": [
                "object",
                {
                  "cloudProviderSpec": [
                    "object",
                    {
                      "ami": "string",
                      "assignPublicIP": "bool",
                      "availabilityZone": "string",
                      "diskIops": "number",
                      "diskSize": "number",
                      "diskType": "string",
                      "ebsVolumeEncrypted": "bool",
                      "instanceProfile": "string",
                      "instanceType": "string",
                      "isSpotInstance": "bool",
                      "region": "string",
                      "securityGroupIDs": [
                        "tuple",
                        [
                          "string"
                        ]
                      ],
                      "subnetId": "string",
                      "tags": [
                        "object",
                        {
                          "udagram-workers": "string"
                        }
                      ],
                      "vpcId": "string"
                    }
                  ],
                  "operatingSystem": "string",
                  "operatingSystemSpec": [
                    "object",
                    {
                      "distUpgradeOnBoot": "bool"
                    }
                  ],
                  "sshPublicKeys": [
                    "tuple",
                    [
                      "string"
                    ]
                  ]
                }
              ],
              "replicas": "number"
            }
          ],
          "udagram-us-east-1c": [
            "object",
            {
              "providerSpec": [
                "object",
                {
                  "cloudProviderSpec": [
                    "object",
                    {
                      "ami": "string",
                      "assignPublicIP": "bool",
                      "availabilityZone": "string",
                      "diskIops": "number",
                      "diskSize": "number",
                      "diskType": "string",
                      "ebsVolumeEncrypted": "bool",
                      "instanceProfile": "string",
                      "instanceType": "string",
                      "isSpotInstance": "bool",
                      "region": "string",
                      "securityGroupIDs": [
                        "tuple",
                        [
                          "string"
                        ]
                      ],
                      "subnetId": "string",
                      "tags": [
                        "object",
                        {
                          "udagram-workers": "string"
                        }
                      ],
                      "vpcId": "string"
                    }
                  ],
                  "operatingSystem": "string",
                  "operatingSystemSpec": [
                    "object",
                    {
                      "distUpgradeOnBoot": "bool"
                    }
                  ],
                  "sshPublicKeys": [
                    "tuple",
                    [
                      "string"
                    ]
                  ]
                }
              ],
              "replicas": "number"
            }
          ]
        }
      ]
    }
  },
  "resources": [
    {
      "mode": "data",
      "type": "aws_ami",
      "name": "ubuntu",
      "provider": "provider.aws",
      "instances": [
        {
          "schema_version": 0,
          "attributes": {
            "architecture": "x86_64",
            "block_device_mappings": [
              {
                "device_name": "/dev/sda1",
                "ebs": {
                  "delete_on_termination": "true",
                  "encrypted": "false",
                  "iops": "0",
                  "snapshot_id": "snap-0ebfa013ecb25344d",
                  "volume_size": "8",
                  "volume_type": "gp2"
                },
                "no_device": "",
                "virtual_name": ""
              },
              {
                "device_name": "/dev/sdb",
                "ebs": {},
                "no_device": "",
                "virtual_name": "ephemeral0"
              },
              {
                "device_name": "/dev/sdc",
                "ebs": {},
                "no_device": "",
                "virtual_name": "ephemeral1"
              }
            ],
            "creation_date": "2020-03-24T20:56:16.000Z",
            "description": "Canonical, Ubuntu, 18.04 LTS, amd64 bionic image build on 2020-03-23",
            "executable_users": null,
            "filter": [
              {
                "name": "name",
                "values": [
                  "ubuntu/images/hvm-ssd/ubuntu-bionic-18.04-amd64-server-*"
                ]
              },
              {
                "name": "virtualization-type",
                "values": [
                  "hvm"
                ]
              }
            ],
            "hypervisor": "xen",
            "id": "ami-0a4f4704a9146742a",
            "image_id": "ami-0a4f4704a9146742a",
            "image_location": "099720109477/ubuntu/images/hvm-ssd/ubuntu-bionic-18.04-amd64-server-20200323",
            "image_owner_alias": null,
            "image_type": "machine",
            "kernel_id": null,
            "most_recent": true,
            "name": "ubuntu/images/hvm-ssd/ubuntu-bionic-18.04-amd64-server-20200323",
            "name_regex": null,
            "owner_id": "099720109477",
            "owners": [
              "099720109477"
            ],
            "platform": null,
            "product_codes": [],
            "public": true,
            "ramdisk_id": null,
            "root_device_name": "/dev/sda1",
            "root_device_type": "ebs",
            "root_snapshot_id": "snap-0ebfa013ecb25344d",
            "sriov_net_support": "simple",
            "state": "available",
            "state_reason": {
              "code": "UNSET",
              "message": "UNSET"
            },
            "tags": {},
            "virtualization_type": "hvm"
          }
        }
      ]
    },
    {
      "mode": "data",
      "type": "aws_availability_zones",
      "name": "available",
      "provider": "provider.aws",
      "instances": [
        {
          "schema_version": 0,
          "attributes": {
            "all_availability_zones": null,
            "blacklisted_names": null,
            "blacklisted_zone_ids": null,
            "filter": null,
            "group_names": [
              "us-east-1"
            ],
            "id": "2020-03-29 19:59:36.8588196 +0000 UTC",
            "names": [
              "us-east-1a",
              "us-east-1b",
              "us-east-1c",
              "us-east-1d",
              "us-east-1e",
              "us-east-1f"
            ],
            "state": "available",
            "zone_ids": [
              "use1-az2",
              "use1-az4",
              "use1-az6",
              "use1-az1",
              "use1-az3",
              "use1-az5"
            ]
          }
        }
      ]
    },
    {
      "mode": "data",
      "type": "aws_internet_gateway",
      "name": "default",
      "provider": "provider.aws",
      "instances": [
        {
          "schema_version": 0,
          "attributes": {
            "attachments": [
              {
                "state": "available",
                "vpc_id": "vpc-846144fe"
              }
            ],
            "filter": [
              {
                "name": "attachment.vpc-id",
                "values": [
                  "vpc-846144fe"
                ]
              }
            ],
            "id": "igw-100b826b",
            "internet_gateway_id": "igw-100b826b",
            "owner_id": "753866442377",
            "tags": {}
          }
        }
      ]
    },
    {
      "mode": "data",
      "type": "aws_vpc",
      "name": "selected",
      "provider": "provider.aws",
      "instances": [
        {
          "schema_version": 0,
          "attributes": {
            "arn": "arn:aws:ec2:us-east-1:753866442377:vpc/vpc-846144fe",
            "cidr_block": "172.31.0.0/16",
            "cidr_block_associations": [
              {
                "association_id": "vpc-cidr-assoc-f77e489b",
                "cidr_block": "172.31.0.0/16",
                "state": "associated"
              }
            ],
            "default": true,
            "dhcp_options_id": "dopt-ce5a9db4",
            "enable_dns_hostnames": true,
            "enable_dns_support": true,
            "filter": null,
            "id": "vpc-846144fe",
            "instance_tenancy": "default",
            "ipv6_association_id": null,
            "ipv6_cidr_block": null,
            "main_route_table_id": "rtb-3ee34340",
            "owner_id": "753866442377",
            "state": "available",
            "tags": {}
          }
        }
      ]
    },
    {
      "mode": "managed",
      "type": "aws_default_vpc",
      "name": "default",
      "provider": "provider.aws",
      "instances": [
        {
          "schema_version": 1,
          "attributes": {
            "arn": "arn:aws:ec2:us-east-1:753866442377:vpc/vpc-846144fe",
            "assign_generated_ipv6_cidr_block": false,
            "cidr_block": "172.31.0.0/16",
            "default_network_acl_id": "acl-00dd517d",
            "default_route_table_id": "rtb-3ee34340",
            "default_security_group_id": "sg-d1087185",
            "dhcp_options_id": "dopt-ce5a9db4",
            "enable_classiclink": false,
            "enable_classiclink_dns_support": false,
            "enable_dns_hostnames": true,
            "enable_dns_support": true,
            "id": "vpc-846144fe",
            "instance_tenancy": "default",
            "ipv6_association_id": "",
            "ipv6_cidr_block": "",
            "main_route_table_id": "rtb-3ee34340",
            "owner_id": "753866442377",
            "tags": {}
          },
          "private": "eyJzY2hlbWFfdmVyc2lvbiI6IjEifQ=="
        }
      ]
    },
    {
      "mode": "managed",
      "type": "aws_elb",
      "name": "control_plane",
      "provider": "provider.aws",
      "instances": [
        {
          "schema_version": 0,
          "attributes": {
            "access_logs": [],
            "arn": "arn:aws:elasticloadbalancing:us-east-1:753866442377:loadbalancer/udagram-api-lb",
            "availability_zones": [
              "us-east-1a",
              "us-east-1b",
              "us-east-1c"
            ],
            "connection_draining": false,
            "connection_draining_timeout": 300,
            "cross_zone_load_balancing": true,
            "dns_name": "udagram-api-lb-1178005182.us-east-1.elb.amazonaws.com",
            "health_check": [
              {
                "healthy_threshold": 2,
                "interval": 30,
                "target": "HTTPS:6443/healthz",
                "timeout": 3,
                "unhealthy_threshold": 2
              }
            ],
            "id": "udagram-api-lb",
            "idle_timeout": 600,
            "instances": [
              "i-0376c2af5c37fa7ce",
              "i-0a1a1241115881d69",
              "i-0a93f1ac5312f03fd"
            ],
            "internal": false,
            "listener": [
              {
                "instance_port": 6443,
                "instance_protocol": "tcp",
                "lb_port": 6443,
                "lb_protocol": "tcp",
                "ssl_certificate_id": ""
              }
            ],
            "name": "udagram-api-lb",
            "name_prefix": null,
            "security_groups": [
              "sg-0b2778ab1789272c2",
              "sg-0caf4f1a0c838f0df"
            ],
            "source_security_group": "753866442377/udagram-common",
            "source_security_group_id": "sg-0caf4f1a0c838f0df",
            "subnets": [
              "subnet-04275240e503486c4",
              "subnet-05b8a6d64c94b4abd",
              "subnet-0f4a5f530e7172c7b"
            ],
            "tags": {
              "Cluster": "udagram",
              "kubernetes.io/cluster/udagram": "shared"
            },
            "zone_id": "Z35SXDOTRQ7X7K"
          },
          "private": "bnVsbA==",
          "dependencies": [
            "aws_iam_instance_profile.profile",
            "aws_instance.control_plane",
            "aws_key_pair.deployer",
            "aws_security_group.common",
            "aws_security_group.elb",
            "aws_subnet.public"
          ]
        }
      ]
    },
    {
      "mode": "managed",
      "type": "aws_iam_instance_profile",
      "name": "profile",
      "provider": "provider.aws",
      "instances": [
        {
          "schema_version": 0,
          "attributes": {
            "arn": "arn:aws:iam::753866442377:instance-profile/udagram-host",
            "create_date": "2020-03-29T10:39:37Z",
            "id": "udagram-host",
            "name": "udagram-host",
            "name_prefix": null,
            "path": "/",
            "role": "udagram-host",
            "roles": [
              "udagram-host"
            ],
            "unique_id": "AIPA27BPRA2E4FST3HFQS"
          },
          "private": "bnVsbA==",
          "dependencies": [
            "aws_iam_role.role"
          ]
        }
      ]
    },
    {
      "mode": "managed",
      "type": "aws_iam_role",
      "name": "role",
      "provider": "provider.aws",
      "instances": [
        {
          "schema_version": 0,
          "attributes": {
            "arn": "arn:aws:iam::753866442377:role/udagram-host",
            "assume_role_policy": "{\"Version\":\"2012-10-17\",\"Statement\":[{\"Effect\":\"Allow\",\"Principal\":{\"Service\":\"ec2.amazonaws.com\"},\"Action\":\"sts:AssumeRole\"}]}",
            "create_date": "2020-03-29T10:39:32Z",
            "description": "",
            "force_detach_policies": false,
            "id": "udagram-host",
            "max_session_duration": 3600,
            "name": "udagram-host",
            "name_prefix": null,
            "path": "/",
            "permissions_boundary": null,
            "tags": {},
            "unique_id": "AROA27BPRA2EQJLKAAJ4T"
          },
          "private": "bnVsbA=="
        }
      ]
    },
    {
      "mode": "managed",
      "type": "aws_iam_role_policy",
      "name": "policy",
      "provider": "provider.aws",
      "instances": [
        {
          "schema_version": 0,
          "attributes": {
            "id": "udagram-host:udagram-host",
            "name": "udagram-host",
            "name_prefix": null,
            "policy": "{\"Statement\":[{\"Action\":[\"ec2:*\"],\"Effect\":\"Allow\",\"Resource\":[\"*\"]},{\"Action\":[\"elasticloadbalancing:*\"],\"Effect\":\"Allow\",\"Resource\":[\"*\"]}],\"Version\":\"2012-10-17\"}",
            "role": "udagram-host"
          },
          "private": "bnVsbA==",
          "dependencies": [
            "aws_iam_role.role"
          ]
        }
      ]
    },
    {
      "mode": "managed",
      "type": "aws_instance",
      "name": "bastion",
      "provider": "provider.aws",
      "instances": [
        {
          "schema_version": 1,
          "attributes": {
            "ami": "ami-0a4f4704a9146742a",
            "arn": "arn:aws:ec2:us-east-1:753866442377:instance/i-039c4fcdc44f2ec4f",
            "associate_public_ip_address": true,
            "availability_zone": "us-east-1a",
            "cpu_core_count": 1,
            "cpu_threads_per_core": 1,
            "credit_specification": [
              {
                "cpu_credits": "standard"
              }
            ],
            "disable_api_termination": false,
            "ebs_block_device": [],
            "ebs_optimized": false,
            "ephemeral_block_device": [],
            "get_password_data": false,
            "hibernation": false,
            "host_id": null,
            "iam_instance_profile": "",
            "id": "i-039c4fcdc44f2ec4f",
            "instance_initiated_shutdown_behavior": null,
            "instance_state": "running",
            "instance_type": "t2.micro",
            "ipv6_address_count": 0,
            "ipv6_addresses": [],
            "key_name": "udagram-deployer-key",
            "metadata_options": [
              {
                "http_endpoint": "enabled",
                "http_put_response_hop_limit": 1,
                "http_tokens": "optional"
              }
            ],
            "monitoring": false,
            "network_interface": [],
            "network_interface_id": null,
            "password_data": "",
            "placement_group": "",
            "primary_network_interface_id": "eni-05555e8f5f478f8a1",
            "private_dns": "ip-172-31-192-4.ec2.internal",
            "private_ip": "172.31.192.4",
            "public_dns": "ec2-3-83-13-4.compute-1.amazonaws.com",
            "public_ip": "3.83.13.4",
            "root_block_device": [
              {
                "delete_on_termination": true,
                "encrypted": false,
                "iops": 300,
                "kms_key_id": "",
                "volume_id": "vol-015780e2e49fc9162",
                "volume_size": 100,
                "volume_type": "gp2"
              }
            ],
            "security_groups": [
              "udagram-common",
              "udagram-ssh"
            ],
            "source_dest_check": true,
            "subnet_id": "subnet-05b8a6d64c94b4abd",
            "tags": {
              "Cluster": "udagram",
              "Name": "udagram-bastion",
              "kubernetes.io/cluster/udagram": "shared"
            },
            "tenancy": "default",
            "timeouts": null,
            "user_data": null,
            "user_data_base64": null,
            "volume_tags": {},
            "vpc_security_group_ids": [
              "sg-002f558ea730b4531",
              "sg-0caf4f1a0c838f0df"
            ]
          },
          "private": "eyJlMmJmYjczMC1lY2FhLTExZTYtOGY4OC0zNDM2M2JjN2M0YzAiOnsiY3JlYXRlIjo2MDAwMDAwMDAwMDAsImRlbGV0ZSI6MTIwMDAwMDAwMDAwMCwidXBkYXRlIjo2MDAwMDAwMDAwMDB9LCJzY2hlbWFfdmVyc2lvbiI6IjEifQ==",
          "dependencies": [
            "aws_key_pair.deployer",
            "aws_security_group.common",
            "aws_security_group.ssh",
            "aws_subnet.public"
          ]
        }
      ]
    },
    {
      "mode": "managed",
      "type": "aws_instance",
      "name": "control_plane",
      "each": "list",
      "provider": "provider.aws",
      "instances": [
        {
          "index_key": 0,
          "schema_version": 1,
          "attributes": {
            "ami": "ami-0a4f4704a9146742a",
            "arn": "arn:aws:ec2:us-east-1:753866442377:instance/i-0a93f1ac5312f03fd",
            "associate_public_ip_address": true,
            "availability_zone": "us-east-1a",
            "cpu_core_count": 2,
            "cpu_threads_per_core": 1,
            "credit_specification": [
              {
                "cpu_credits": "standard"
              }
            ],
            "disable_api_termination": false,
            "ebs_block_device": [],
            "ebs_optimized": false,
            "ephemeral_block_device": [],
            "get_password_data": false,
            "hibernation": false,
            "host_id": null,
            "iam_instance_profile": "udagram-host",
            "id": "i-0a93f1ac5312f03fd",
            "instance_initiated_shutdown_behavior": null,
            "instance_state": "running",
            "instance_type": "t2.medium",
            "ipv6_address_count": 0,
            "ipv6_addresses": [],
            "key_name": "udagram-deployer-key",
            "metadata_options": [
              {
                "http_endpoint": "enabled",
                "http_put_response_hop_limit": 1,
                "http_tokens": "optional"
              }
            ],
            "monitoring": false,
            "network_interface": [],
            "network_interface_id": null,
            "password_data": "",
            "placement_group": "",
            "primary_network_interface_id": "eni-0f39eb5735c8decf5",
            "private_dns": "ip-172-31-192-137.ec2.internal",
            "private_ip": "172.31.192.137",
            "public_dns": "ec2-54-144-197-8.compute-1.amazonaws.com",
            "public_ip": "54.144.197.8",
            "root_block_device": [
              {
                "delete_on_termination": true,
                "encrypted": false,
                "iops": 300,
                "kms_key_id": "",
                "volume_id": "vol-0deeebbce9bfcc044",
                "volume_size": 100,
                "volume_type": "gp2"
              }
            ],
            "security_groups": [
              "udagram-common"
            ],
            "source_dest_check": true,
            "subnet_id": "subnet-05b8a6d64c94b4abd",
            "tags": {
              "Name": "udagram-cp-1",
              "kubernetes.io/cluster/udagram": "shared"
            },
            "tenancy": "default",
            "timeouts": null,
            "user_data": null,
            "user_data_base64": null,
            "volume_tags": {},
            "vpc_security_group_ids": [
              "sg-0caf4f1a0c838f0df"
            ]
          },
          "private": "eyJlMmJmYjczMC1lY2FhLTExZTYtOGY4OC0zNDM2M2JjN2M0YzAiOnsiY3JlYXRlIjo2MDAwMDAwMDAwMDAsImRlbGV0ZSI6MTIwMDAwMDAwMDAwMCwidXBkYXRlIjo2MDAwMDAwMDAwMDB9LCJzY2hlbWFfdmVyc2lvbiI6IjEifQ==",
          "dependencies": [
            "aws_iam_instance_profile.profile",
            "aws_key_pair.deployer",
            "aws_security_group.common",
            "aws_subnet.public"
          ]
        },
        {
          "index_key": 1,
          "schema_version": 1,
          "attributes": {
            "ami": "ami-0a4f4704a9146742a",
            "arn": "arn:aws:ec2:us-east-1:753866442377:instance/i-0376c2af5c37fa7ce",
            "associate_public_ip_address": true,
            "availability_zone": "us-east-1b",
            "cpu_core_count": 2,
            "cpu_threads_per_core": 1,
            "credit_specification": [
              {
                "cpu_credits": "standard"
              }
            ],
            "disable_api_termination": false,
            "ebs_block_device": [],
            "ebs_optimized": false,
            "ephemeral_block_device": [],
            "get_password_data": false,
            "hibernation": false,
            "host_id": null,
            "iam_instance_profile": "udagram-host",
            "id": "i-0376c2af5c37fa7ce",
            "instance_initiated_shutdown_behavior": null,
            "instance_state": "running",
            "instance_type": "t2.medium",
            "ipv6_address_count": 0,
            "ipv6_addresses": [],
            "key_name": "udagram-deployer-key",
            "metadata_options": [
              {
                "http_endpoint": "enabled",
                "http_put_response_hop_limit": 1,
                "http_tokens": "optional"
              }
            ],
            "monitoring": false,
            "network_interface": [],
            "network_interface_id": null,
            "password_data": "",
            "placement_group": "",
            "primary_network_interface_id": "eni-0c8ccf6beb932ff76",
            "private_dns": "ip-172-31-193-122.ec2.internal",
            "private_ip": "172.31.193.122",
            "public_dns": "ec2-54-90-140-15.compute-1.amazonaws.com",
            "public_ip": "54.90.140.15",
            "root_block_device": [
              {
                "delete_on_termination": true,
                "encrypted": false,
                "iops": 300,
                "kms_key_id": "",
                "volume_id": "vol-065e320590db01c72",
                "volume_size": 100,
                "volume_type": "gp2"
              }
            ],
            "security_groups": [
              "udagram-common"
            ],
            "source_dest_check": true,
            "subnet_id": "subnet-04275240e503486c4",
            "tags": {
              "Name": "udagram-cp-2",
              "kubernetes.io/cluster/udagram": "shared"
            },
            "tenancy": "default",
            "timeouts": null,
            "user_data": null,
            "user_data_base64": null,
            "volume_tags": {},
            "vpc_security_group_ids": [
              "sg-0caf4f1a0c838f0df"
            ]
          },
          "private": "eyJlMmJmYjczMC1lY2FhLTExZTYtOGY4OC0zNDM2M2JjN2M0YzAiOnsiY3JlYXRlIjo2MDAwMDAwMDAwMDAsImRlbGV0ZSI6MTIwMDAwMDAwMDAwMCwidXBkYXRlIjo2MDAwMDAwMDAwMDB9LCJzY2hlbWFfdmVyc2lvbiI6IjEifQ==",
          "dependencies": [
            "aws_iam_instance_profile.profile",
            "aws_key_pair.deployer",
            "aws_security_group.common",
            "aws_subnet.public"
          ]
        },
        {
          "index_key": 2,
          "schema_version": 1,
          "attributes": {
            "ami": "ami-0a4f4704a9146742a",
            "arn": "arn:aws:ec2:us-east-1:753866442377:instance/i-0a1a1241115881d69",
            "associate_public_ip_address": true,
            "availability_zone": "us-east-1c",
            "cpu_core_count": 2,
            "cpu_threads_per_core": 1,
            "credit_specification": [
              {
                "cpu_credits": "standard"
              }
            ],
            "disable_api_termination": false,
            "ebs_block_device": [],
            "ebs_optimized": false,
            "ephemeral_block_device": [],
            "get_password_data": false,
            "hibernation": false,
            "host_id": null,
            "iam_instance_profile": "udagram-host",
            "id": "i-0a1a1241115881d69",
            "instance_initiated_shutdown_behavior": null,
            "instance_state": "running",
            "instance_type": "t2.medium",
            "ipv6_address_count": 0,
            "ipv6_addresses": [],
            "key_name": "udagram-deployer-key",
            "metadata_options": [
              {
                "http_endpoint": "enabled",
                "http_put_response_hop_limit": 1,
                "http_tokens": "optional"
              }
            ],
            "monitoring": false,
            "network_interface": [],
            "network_interface_id": null,
            "password_data": "",
            "placement_group": "",
            "primary_network_interface_id": "eni-0a7c2cc3d40fe6572",
            "private_dns": "ip-172-31-194-139.ec2.internal",
            "private_ip": "172.31.194.139",
            "public_dns": "ec2-18-209-172-203.compute-1.amazonaws.com",
            "public_ip": "18.209.172.203",
            "root_block_device": [
              {
                "delete_on_termination": true,
                "encrypted": false,
                "iops": 300,
                "kms_key_id": "",
                "volume_id": "vol-0b6c2080e1efe8146",
                "volume_size": 100,
                "volume_type": "gp2"
              }
            ],
            "security_groups": [
              "udagram-common"
            ],
            "source_dest_check": true,
            "subnet_id": "subnet-0f4a5f530e7172c7b",
            "tags": {
              "Name": "udagram-cp-3",
              "kubernetes.io/cluster/udagram": "shared"
            },
            "tenancy": "default",
            "timeouts": null,
            "user_data": null,
            "user_data_base64": null,
            "volume_tags": {},
            "vpc_security_group_ids": [
              "sg-0caf4f1a0c838f0df"
            ]
          },
          "private": "eyJlMmJmYjczMC1lY2FhLTExZTYtOGY4OC0zNDM2M2JjN2M0YzAiOnsiY3JlYXRlIjo2MDAwMDAwMDAwMDAsImRlbGV0ZSI6MTIwMDAwMDAwMDAwMCwidXBkYXRlIjo2MDAwMDAwMDAwMDB9LCJzY2hlbWFfdmVyc2lvbiI6IjEifQ==",
          "dependencies": [
            "aws_iam_instance_profile.profile",
            "aws_key_pair.deployer",
            "aws_security_group.common",
            "aws_subnet.public"
          ]
        }
      ]
    },
    {
      "mode": "managed",
      "type": "aws_key_pair",
      "name": "deployer",
      "provider": "provider.aws",
      "instances": [
        {
          "schema_version": 1,
          "attributes": {
            "fingerprint": "68:4b:10:23:3a:a1:fd:31:a6:a9:57:c1:84:75:3c:b7",
            "id": "udagram-deployer-key",
            "key_name": "udagram-deployer-key",
            "key_name_prefix": null,
            "key_pair_id": "key-0dc18b58f262f47e0",
            "public_key": "ssh-rsa AAAAB3NzaC1yc2EAAAADAQABAAABAQCqo/Vp0whUG9LVilVL6Rz7MZ9IvHfFjMmMUOFGYzNTIx/h/Gh80D21M8g1yZfC19J6pmwUd5nioW1pPx/KyR6iXYfpWoORqJts82dRPRN48v7kTMJUICoB2u7DctnkBeENGY9hWUNansEouK0dJTPEXO5QghyjQDyvA8UeOuYL8DDqVo9XODKgIHQuSPAHx8H1cJXOarMVqAYPhVdtvCaIezw2Egs4FXqgL9imClguxyQH3nkUmItjuJoYupLKriaJL1hR+q1uq9M6xx5gXqrIzaAYaIEYFCuU1THdlZR0eka5wdniO7g8b1y/t4uYgbOHW62UKZJHh2i/pMDDZc6N zubairriaz78696@Zubair-PC",
            "tags": {}
          },
          "private": "eyJzY2hlbWFfdmVyc2lvbiI6IjEifQ=="
        }
      ]
    },
    {
      "mode": "managed",
      "type": "aws_security_group",
      "name": "common",
      "provider": "provider.aws",
      "instances": [
        {
          "schema_version": 1,
          "attributes": {
            "arn": "arn:aws:ec2:us-east-1:753866442377:security-group/sg-0caf4f1a0c838f0df",
            "description": "cluster common rules",
            "egress": [
              {
                "cidr_blocks": [
                  "0.0.0.0/0"
                ],
                "description": "allow all outgoing traffic",
                "from_port": 0,
                "ipv6_cidr_blocks": [],
                "prefix_list_ids": [],
                "protocol": "-1",
                "security_groups": [],
                "self": false,
                "to_port": 0
              }
            ],
            "id": "sg-0caf4f1a0c838f0df",
            "ingress": [
              {
                "cidr_blocks": [],
                "description": "allow all incomming traffic from members of this group",
                "from_port": 0,
                "ipv6_cidr_blocks": [],
                "prefix_list_ids": [],
                "protocol": "-1",
                "security_groups": [],
                "self": true,
                "to_port": 0
              }
            ],
            "name": "udagram-common",
            "name_prefix": null,
            "owner_id": "753866442377",
            "revoke_rules_on_delete": false,
            "tags": {
              "Cluster": "udagram",
              "kubernetes.io/cluster/udagram": "shared"
            },
            "timeouts": null,
            "vpc_id": "vpc-846144fe"
          },
          "private": "eyJlMmJmYjczMC1lY2FhLTExZTYtOGY4OC0zNDM2M2JjN2M0YzAiOnsiY3JlYXRlIjo2MDAwMDAwMDAwMDAsImRlbGV0ZSI6NjAwMDAwMDAwMDAwfSwic2NoZW1hX3ZlcnNpb24iOiIxIn0=",
          "dependencies": [
            "aws_default_vpc.default"
          ]
        }
      ]
    },
    {
      "mode": "managed",
      "type": "aws_security_group",
      "name": "elb",
      "provider": "provider.aws",
      "instances": [
        {
          "schema_version": 1,
          "attributes": {
            "arn": "arn:aws:ec2:us-east-1:753866442377:security-group/sg-0b2778ab1789272c2",
            "description": "kube-api firewall",
            "egress": [
              {
                "cidr_blocks": [
                  "0.0.0.0/0"
                ],
                "description": "allow all outgoing traffic",
                "from_port": 0,
                "ipv6_cidr_blocks": [],
                "prefix_list_ids": [],
                "protocol": "-1",
                "security_groups": [],
                "self": false,
                "to_port": 0
              }
            ],
            "id": "sg-0b2778ab1789272c2",
            "ingress": [
              {
                "cidr_blocks": [
                  "0.0.0.0/0"
                ],
                "description": "allow anyone to connect to tcp/6443",
                "from_port": 6443,
                "ipv6_cidr_blocks": [],
                "prefix_list_ids": [],
                "protocol": "tcp",
                "security_groups": [],
                "self": false,
                "to_port": 6443
              }
            ],
            "name": "udagram-api-lb",
            "name_prefix": null,
            "owner_id": "753866442377",
            "revoke_rules_on_delete": false,
            "tags": {
              "Cluster": "udagram"
            },
            "timeouts": null,
            "vpc_id": "vpc-846144fe"
          },
          "private": "eyJlMmJmYjczMC1lY2FhLTExZTYtOGY4OC0zNDM2M2JjN2M0YzAiOnsiY3JlYXRlIjo2MDAwMDAwMDAwMDAsImRlbGV0ZSI6NjAwMDAwMDAwMDAwfSwic2NoZW1hX3ZlcnNpb24iOiIxIn0=",
          "dependencies": [
            "aws_default_vpc.default"
          ]
        }
      ]
    },
    {
      "mode": "managed",
      "type": "aws_security_group",
      "name": "ssh",
      "provider": "provider.aws",
      "instances": [
        {
          "schema_version": 1,
          "attributes": {
            "arn": "arn:aws:ec2:us-east-1:753866442377:security-group/sg-002f558ea730b4531",
            "description": "ssh access",
            "egress": [],
            "id": "sg-002f558ea730b4531",
            "ingress": [
              {
                "cidr_blocks": [
                  "0.0.0.0/0"
                ],
                "description": "allow incomming SSH",
                "from_port": 22,
                "ipv6_cidr_blocks": [],
                "prefix_list_ids": [],
                "protocol": "tcp",
                "security_groups": [],
                "self": false,
                "to_port": 22
              }
            ],
            "name": "udagram-ssh",
            "name_prefix": null,
            "owner_id": "753866442377",
            "revoke_rules_on_delete": false,
            "tags": {
              "Cluster": "udagram"
            },
            "timeouts": null,
            "vpc_id": "vpc-846144fe"
          },
          "private": "eyJlMmJmYjczMC1lY2FhLTExZTYtOGY4OC0zNDM2M2JjN2M0YzAiOnsiY3JlYXRlIjo2MDAwMDAwMDAwMDAsImRlbGV0ZSI6NjAwMDAwMDAwMDAwfSwic2NoZW1hX3ZlcnNpb24iOiIxIn0=",
          "dependencies": [
            "aws_default_vpc.default"
          ]
        }
      ]
    },
    {
      "mode": "managed",
      "type": "aws_security_group_rule",
      "name": "egress_allow_all",
      "provider": "provider.aws",
      "instances": [
        {
          "schema_version": 2,
          "attributes": {
            "cidr_blocks": [
              "0.0.0.0/0"
            ],
            "description": "allow all outgoing traffic",
            "from_port": 0,
            "id": "sgrule-912198482",
            "ipv6_cidr_blocks": [],
            "prefix_list_ids": [],
            "protocol": "-1",
            "security_group_id": "sg-0caf4f1a0c838f0df",
            "self": false,
            "source_security_group_id": null,
            "to_port": 0,
            "type": "egress"
          },
          "private": "eyJzY2hlbWFfdmVyc2lvbiI6IjIifQ==",
          "dependencies": [
            "aws_default_vpc.default",
            "aws_security_group.common"
          ]
        }
      ]
    },
    {
      "mode": "managed",
      "type": "aws_security_group_rule",
      "name": "ingress_self_allow_all",
      "provider": "provider.aws",
      "instances": [
        {
          "schema_version": 2,
          "attributes": {
            "cidr_blocks": [],
            "description": "allow all incomming traffic from members of this group",
            "from_port": 0,
            "id": "sgrule-3195252457",
            "ipv6_cidr_blocks": [],
            "prefix_list_ids": [],
            "protocol": "-1",
            "security_group_id": "sg-0caf4f1a0c838f0df",
            "self": true,
            "source_security_group_id": "sg-0caf4f1a0c838f0df",
            "to_port": 0,
            "type": "ingress"
          },
          "private": "eyJzY2hlbWFfdmVyc2lvbiI6IjIifQ==",
          "dependencies": [
            "aws_default_vpc.default",
            "aws_security_group.common"
          ]
        }
      ]
    },
    {
      "mode": "managed",
      "type": "aws_security_group_rule",
      "name": "nodeports",
      "each": "list",
      "provider": "provider.aws",
      "instances": []
    },
    {
      "mode": "managed",
      "type": "aws_subnet",
      "name": "public",
      "each": "list",
      "provider": "provider.aws",
      "instances": [
        {
          "index_key": 0,
          "schema_version": 1,
          "attributes": {
            "arn": "arn:aws:ec2:us-east-1:753866442377:subnet/subnet-05b8a6d64c94b4abd",
            "assign_ipv6_address_on_creation": false,
            "availability_zone": "us-east-1a",
            "availability_zone_id": "use1-az2",
            "cidr_block": "172.31.192.0/24",
            "id": "subnet-05b8a6d64c94b4abd",
            "ipv6_cidr_block": "",
            "ipv6_cidr_block_association_id": "",
            "map_public_ip_on_launch": true,
            "owner_id": "753866442377",
            "tags": {
              "Cluster": "udagram",
              "Name": "udagram-us-east-1a",
              "kubernetes.io/cluster/udagram": "shared"
            },
            "timeouts": null,
            "vpc_id": "vpc-846144fe"
          },
          "private": "eyJlMmJmYjczMC1lY2FhLTExZTYtOGY4OC0zNDM2M2JjN2M0YzAiOnsiY3JlYXRlIjo2MDAwMDAwMDAwMDAsImRlbGV0ZSI6MTIwMDAwMDAwMDAwMH0sInNjaGVtYV92ZXJzaW9uIjoiMSJ9",
          "dependencies": [
            "aws_default_vpc.default",
            "random_integer.cidr_block"
          ]
        },
        {
          "index_key": 1,
          "schema_version": 1,
          "attributes": {
            "arn": "arn:aws:ec2:us-east-1:753866442377:subnet/subnet-04275240e503486c4",
            "assign_ipv6_address_on_creation": false,
            "availability_zone": "us-east-1b",
            "availability_zone_id": "use1-az4",
            "cidr_block": "172.31.193.0/24",
            "id": "subnet-04275240e503486c4",
            "ipv6_cidr_block": "",
            "ipv6_cidr_block_association_id": "",
            "map_public_ip_on_launch": true,
            "owner_id": "753866442377",
            "tags": {
              "Cluster": "udagram",
              "Name": "udagram-us-east-1b",
              "kubernetes.io/cluster/udagram": "shared"
            },
            "timeouts": null,
            "vpc_id": "vpc-846144fe"
          },
          "private": "eyJlMmJmYjczMC1lY2FhLTExZTYtOGY4OC0zNDM2M2JjN2M0YzAiOnsiY3JlYXRlIjo2MDAwMDAwMDAwMDAsImRlbGV0ZSI6MTIwMDAwMDAwMDAwMH0sInNjaGVtYV92ZXJzaW9uIjoiMSJ9",
          "dependencies": [
            "aws_default_vpc.default",
            "random_integer.cidr_block"
          ]
        },
        {
          "index_key": 2,
          "schema_version": 1,
          "attributes": {
            "arn": "arn:aws:ec2:us-east-1:753866442377:subnet/subnet-0f4a5f530e7172c7b",
            "assign_ipv6_address_on_creation": false,
            "availability_zone": "us-east-1c",
            "availability_zone_id": "use1-az6",
            "cidr_block": "172.31.194.0/24",
            "id": "subnet-0f4a5f530e7172c7b",
            "ipv6_cidr_block": "",
            "ipv6_cidr_block_association_id": "",
            "map_public_ip_on_launch": true,
            "owner_id": "753866442377",
            "tags": {
              "Cluster": "udagram",
              "Name": "udagram-us-east-1c",
              "kubernetes.io/cluster/udagram": "shared"
            },
            "timeouts": null,
            "vpc_id": "vpc-846144fe"
          },
          "private": "eyJlMmJmYjczMC1lY2FhLTExZTYtOGY4OC0zNDM2M2JjN2M0YzAiOnsiY3JlYXRlIjo2MDAwMDAwMDAwMDAsImRlbGV0ZSI6MTIwMDAwMDAwMDAwMH0sInNjaGVtYV92ZXJzaW9uIjoiMSJ9",
          "dependencies": [
            "aws_default_vpc.default",
            "random_integer.cidr_block"
          ]
        }
      ]
    },
    {
      "mode": "managed",
      "type": "random_integer",
      "name": "cidr_block",
      "provider": "provider.random",
      "instances": [
        {
          "schema_version": 0,
          "attributes": {
            "id": "192",
            "keepers": null,
            "max": 255,
            "min": 0,
            "result": 192,
            "seed": null
          },
          "private": "bnVsbA==",
          "dependencies": [
            "aws_default_vpc.default"
          ]
        }
      ]
    }
  ]
}
